{
  "nodes": {
    "nixpkgs": {
      "locked": {
        "lastModified": 1755518736,
        "narHash": "sha256-qChxrKbgPnjWOW5zyJTiIUWBYyVwDeFXtp5oBaAzPmw=",
        "owner": "phaer",
        "repo": "nixpkgs",
        "rev": "bfdda145b1aa092540b1786b80ca6a6b66074746",
        "type": "github"
      },
      "original": {
        "owner": "phaer",
        "ref": "qemu-runner",
        "repo": "nixpkgs",
        "type": "github"
      }
    },
    "root": {
      "inputs": {
        "nixpkgs": "nixpkgs"
      }
    }
  },
  "root": "root",
  "version": 7
}
