{
  "nodes": {
    "nixpkgs": {
      "locked": {
        "lastModified": 1756123245,
        "narHash": "sha256-4q2Y0Atw/r8SwBPif+37mzC/7AE3PLOX3hGz40dZ88k=",
        "owner": "phaer",
        "repo": "nixpkgs",
        "rev": "f0377e55eaa5016433e8c16d1b96c89a2e512004",
        "type": "github"
      },
      "original": {
        "owner": "phaer",
        "ref": "qemu-runner",
        "repo": "nixpkgs",
        "type": "github"
      }
    },
    "root": {
      "inputs": {
        "nixpkgs": "nixpkgs"
      }
    }
  },
  "root": "root",
  "version": 7
}
